// !$*UTF8*$!
{
	archiveVersion = 1;
	classes = {
	};
	objectVersion = 46;
	objects = {

/* Begin PBXBuildFile section */
		423EE26415F0BB4A00FC150D /* UIKit.framework in Frameworks */ = {isa = PBXBuildFile; fileRef = 423EE26315F0BB4A00FC150D /* UIKit.framework */; };
		423EE26615F0BB4A00FC150D /* Foundation.framework in Frameworks */ = {isa = PBXBuildFile; fileRef = 423EE26515F0BB4A00FC150D /* Foundation.framework */; };
		423EE26815F0BB4A00FC150D /* CoreGraphics.framework in Frameworks */ = {isa = PBXBuildFile; fileRef = 423EE26715F0BB4A00FC150D /* CoreGraphics.framework */; };
		423EE26E15F0BB4A00FC150D /* InfoPlist.strings in Resources */ = {isa = PBXBuildFile; fileRef = 423EE26C15F0BB4A00FC150D /* InfoPlist.strings */; };
		423EE27015F0BB4A00FC150D /* main.m in Sources */ = {isa = PBXBuildFile; fileRef = 423EE26F15F0BB4A00FC150D /* main.m */; };
		423EE27415F0BB4A00FC150D /* AppDelegate.m in Sources */ = {isa = PBXBuildFile; fileRef = 423EE27315F0BB4A00FC150D /* AppDelegate.m */; };
		423EE27715F0BB4A00FC150D /* ViewController.m in Sources */ = {isa = PBXBuildFile; fileRef = 423EE27615F0BB4A00FC150D /* ViewController.m */; };
		423EE27A15F0BB4A00FC150D /* ViewController.xib in Resources */ = {isa = PBXBuildFile; fileRef = 423EE27815F0BB4A00FC150D /* ViewController.xib */; };
		423EE28215F0DEEC00FC150D /* leftTableViewDataSource.m in Sources */ = {isa = PBXBuildFile; fileRef = 423EE28115F0DEEC00FC150D /* leftTableViewDataSource.m */; };
		423EE28515F0DEFD00FC150D /* rightTableViewDataSource.m in Sources */ = {isa = PBXBuildFile; fileRef = 423EE28415F0DEFD00FC150D /* rightTableViewDataSource.m */; };
		423EE28A15F0E3CA00FC150D /* EventCell.xib in Resources */ = {isa = PBXBuildFile; fileRef = 423EE28915F0E3CA00FC150D /* EventCell.xib */; };
		423EE28E15F0E4A200FC150D /* event_bg.png in Resources */ = {isa = PBXBuildFile; fileRef = 423EE28B15F0E4A200FC150D /* event_bg.png */; };
		423EE28F15F0E4A200FC150D /* holder_logo.png in Resources */ = {isa = PBXBuildFile; fileRef = 423EE28C15F0E4A200FC150D /* holder_logo.png */; };
		423EE29015F0E4A200FC150D /* section_header.png in Resources */ = {isa = PBXBuildFile; fileRef = 423EE28D15F0E4A200FC150D /* section_header.png */; };
		423EE29415F1CAF400FC150D /* leftTableViewDelegate.m in Sources */ = {isa = PBXBuildFile; fileRef = 423EE29315F1CAF400FC150D /* leftTableViewDelegate.m */; };
		423EE29715F1CB1B00FC150D /* rightTableViewDelegate.m in Sources */ = {isa = PBXBuildFile; fileRef = 423EE29615F1CB1B00FC150D /* rightTableViewDelegate.m */; };
		423EE29B15F1DCAC00FC150D /* StorageManager.m in Sources */ = {isa = PBXBuildFile; fileRef = 423EE29A15F1DCAC00FC150D /* StorageManager.m */; };
		423EE29E15F1DCCF00FC150D /* Event.m in Sources */ = {isa = PBXBuildFile; fileRef = 423EE29D15F1DCCF00FC150D /* Event.m */; };
		423EE2C715F1F3A600FC150D /* libSDWebImageARC.a in Frameworks */ = {isa = PBXBuildFile; fileRef = 423EE2C215F1F38100FC150D /* libSDWebImageARC.a */; };
		423EE2C915F1F3B300FC150D /* ImageIO.framework in Frameworks */ = {isa = PBXBuildFile; fileRef = 423EE2C815F1F3B200FC150D /* ImageIO.framework */; };
/* End PBXBuildFile section */

/* Begin PBXContainerItemProxy section */
		423EE2BF15F1F38100FC150D /* PBXContainerItemProxy */ = {
			isa = PBXContainerItemProxy;
			containerPortal = 423EE2B615F1F37F00FC150D /* SDWebImage.xcodeproj */;
			proxyType = 2;
			remoteGlobalIDString = 53922D6F148C55820056699D;
			remoteInfo = SDWebImage;
		};
		423EE2C115F1F38100FC150D /* PBXContainerItemProxy */ = {
			isa = PBXContainerItemProxy;
			containerPortal = 423EE2B615F1F37F00FC150D /* SDWebImage.xcodeproj */;
			proxyType = 2;
			remoteGlobalIDString = 53761325155AD0D5005750A4;
			remoteInfo = "SDWebImage ARC";
		};
		423EE2C315F1F38100FC150D /* PBXContainerItemProxy */ = {
			isa = PBXContainerItemProxy;
			containerPortal = 423EE2B615F1F37F00FC150D /* SDWebImage.xcodeproj */;
			proxyType = 2;
			remoteGlobalIDString = 531041E0157EAFA400BBABC3;
			remoteInfo = "SDWebImage ARC+MKAnnotation";
		};
		423EE2C515F1F39D00FC150D /* PBXContainerItemProxy */ = {
			isa = PBXContainerItemProxy;
			containerPortal = 423EE2B615F1F37F00FC150D /* SDWebImage.xcodeproj */;
			proxyType = 1;
			remoteGlobalIDString = 53761307155AD0D5005750A4;
			remoteInfo = "SDWebImage ARC";
		};
/* End PBXContainerItemProxy section */

/* Begin PBXFileReference section */
		423EE25F15F0BB4A00FC150D /* MergedTableView.app */ = {isa = PBXFileReference; explicitFileType = wrapper.application; includeInIndex = 0; path = MergedTableView.app; sourceTree = BUILT_PRODUCTS_DIR; };
		423EE26315F0BB4A00FC150D /* UIKit.framework */ = {isa = PBXFileReference; lastKnownFileType = wrapper.framework; name = UIKit.framework; path = System/Library/Frameworks/UIKit.framework; sourceTree = SDKROOT; };
		423EE26515F0BB4A00FC150D /* Foundation.framework */ = {isa = PBXFileReference; lastKnownFileType = wrapper.framework; name = Foundation.framework; path = System/Library/Frameworks/Foundation.framework; sourceTree = SDKROOT; };
		423EE26715F0BB4A00FC150D /* CoreGraphics.framework */ = {isa = PBXFileReference; lastKnownFileType = wrapper.framework; name = CoreGraphics.framework; path = System/Library/Frameworks/CoreGraphics.framework; sourceTree = SDKROOT; };
		423EE26B15F0BB4A00FC150D /* MergedTableView-Info.plist */ = {isa = PBXFileReference; lastKnownFileType = text.plist.xml; path = "MergedTableView-Info.plist"; sourceTree = "<group>"; };
		423EE26D15F0BB4A00FC150D /* en */ = {isa = PBXFileReference; lastKnownFileType = text.plist.strings; name = en; path = en.lproj/InfoPlist.strings; sourceTree = "<group>"; };
		423EE26F15F0BB4A00FC150D /* main.m */ = {isa = PBXFileReference; lastKnownFileType = sourcecode.c.objc; path = main.m; sourceTree = "<group>"; };
		423EE27115F0BB4A00FC150D /* MergedTableView-Prefix.pch */ = {isa = PBXFileReference; lastKnownFileType = sourcecode.c.h; path = "MergedTableView-Prefix.pch"; sourceTree = "<group>"; };
		423EE27215F0BB4A00FC150D /* AppDelegate.h */ = {isa = PBXFileReference; lastKnownFileType = sourcecode.c.h; path = AppDelegate.h; sourceTree = "<group>"; };
		423EE27315F0BB4A00FC150D /* AppDelegate.m */ = {isa = PBXFileReference; lastKnownFileType = sourcecode.c.objc; path = AppDelegate.m; sourceTree = "<group>"; };
		423EE27515F0BB4A00FC150D /* ViewController.h */ = {isa = PBXFileReference; lastKnownFileType = sourcecode.c.h; path = ViewController.h; sourceTree = "<group>"; };
		423EE27615F0BB4A00FC150D /* ViewController.m */ = {isa = PBXFileReference; lastKnownFileType = sourcecode.c.objc; path = ViewController.m; sourceTree = "<group>"; };
		423EE27915F0BB4A00FC150D /* en */ = {isa = PBXFileReference; lastKnownFileType = file.xib; name = en; path = en.lproj/ViewController.xib; sourceTree = "<group>"; };
		423EE28015F0DEEC00FC150D /* leftTableViewDataSource.h */ = {isa = PBXFileReference; fileEncoding = 4; lastKnownFileType = sourcecode.c.h; path = leftTableViewDataSource.h; sourceTree = "<group>"; };
		423EE28115F0DEEC00FC150D /* leftTableViewDataSource.m */ = {isa = PBXFileReference; fileEncoding = 4; lastKnownFileType = sourcecode.c.objc; path = leftTableViewDataSource.m; sourceTree = "<group>"; };
		423EE28315F0DEFD00FC150D /* rightTableViewDataSource.h */ = {isa = PBXFileReference; fileEncoding = 4; lastKnownFileType = sourcecode.c.h; path = rightTableViewDataSource.h; sourceTree = "<group>"; };
		423EE28415F0DEFD00FC150D /* rightTableViewDataSource.m */ = {isa = PBXFileReference; fileEncoding = 4; lastKnownFileType = sourcecode.c.objc; path = rightTableViewDataSource.m; sourceTree = "<group>"; };
		423EE28915F0E3CA00FC150D /* EventCell.xib */ = {isa = PBXFileReference; fileEncoding = 4; lastKnownFileType = file.xib; name = EventCell.xib; path = ../EventCell.xib; sourceTree = "<group>"; };
		423EE28B15F0E4A200FC150D /* event_bg.png */ = {isa = PBXFileReference; lastKnownFileType = image.png; path = event_bg.png; sourceTree = "<group>"; };
		423EE28C15F0E4A200FC150D /* holder_logo.png */ = {isa = PBXFileReference; lastKnownFileType = image.png; path = holder_logo.png; sourceTree = "<group>"; };
		423EE28D15F0E4A200FC150D /* section_header.png */ = {isa = PBXFileReference; lastKnownFileType = image.png; path = section_header.png; sourceTree = "<group>"; };
		423EE29215F1CAF400FC150D /* leftTableViewDelegate.h */ = {isa = PBXFileReference; fileEncoding = 4; lastKnownFileType = sourcecode.c.h; path = leftTableViewDelegate.h; sourceTree = "<group>"; };
		423EE29315F1CAF400FC150D /* leftTableViewDelegate.m */ = {isa = PBXFileReference; fileEncoding = 4; lastKnownFileType = sourcecode.c.objc; path = leftTableViewDelegate.m; sourceTree = "<group>"; };
		423EE29515F1CB1B00FC150D /* rightTableViewDelegate.h */ = {isa = PBXFileReference; fileEncoding = 4; lastKnownFileType = sourcecode.c.h; path = rightTableViewDelegate.h; sourceTree = "<group>"; };
		423EE29615F1CB1B00FC150D /* rightTableViewDelegate.m */ = {isa = PBXFileReference; fileEncoding = 4; lastKnownFileType = sourcecode.c.objc; path = rightTableViewDelegate.m; sourceTree = "<group>"; };
		423EE29815F1CC2100FC150D /* scrollingDelegate.h */ = {isa = PBXFileReference; fileEncoding = 4; lastKnownFileType = sourcecode.c.h; path = scrollingDelegate.h; sourceTree = "<group>"; };
		423EE29915F1DCAC00FC150D /* StorageManager.h */ = {isa = PBXFileReference; fileEncoding = 4; lastKnownFileType = sourcecode.c.h; path = StorageManager.h; sourceTree = "<group>"; };
		423EE29A15F1DCAC00FC150D /* StorageManager.m */ = {isa = PBXFileReference; fileEncoding = 4; lastKnownFileType = sourcecode.c.objc; path = StorageManager.m; sourceTree = "<group>"; };
		423EE29C15F1DCCF00FC150D /* Event.h */ = {isa = PBXFileReference; fileEncoding = 4; lastKnownFileType = sourcecode.c.h; path = Event.h; sourceTree = "<group>"; };
		423EE29D15F1DCCF00FC150D /* Event.m */ = {isa = PBXFileReference; fileEncoding = 4; lastKnownFileType = sourcecode.c.objc; path = Event.m; sourceTree = "<group>"; };
		423EE2B615F1F37F00FC150D /* SDWebImage.xcodeproj */ = {isa = PBXFileReference; lastKnownFileType = "wrapper.pb-project"; name = SDWebImage.xcodeproj; path = "MergedTableView/rs-SDWebImage-ef8bced/SDWebImage.xcodeproj"; sourceTree = "<group>"; };
		423EE2C815F1F3B200FC150D /* ImageIO.framework */ = {isa = PBXFileReference; lastKnownFileType = wrapper.framework; name = ImageIO.framework; path = System/Library/Frameworks/ImageIO.framework; sourceTree = SDKROOT; };
/* End PBXFileReference section */

/* Begin PBXFrameworksBuildPhase section */
		423EE25C15F0BB4A00FC150D /* Frameworks */ = {
			isa = PBXFrameworksBuildPhase;
			buildActionMask = 2147483647;
			files = (
				423EE2C915F1F3B300FC150D /* ImageIO.framework in Frameworks */,
				423EE2C715F1F3A600FC150D /* libSDWebImageARC.a in Frameworks */,
				423EE26415F0BB4A00FC150D /* UIKit.framework in Frameworks */,
				423EE26615F0BB4A00FC150D /* Foundation.framework in Frameworks */,
				423EE26815F0BB4A00FC150D /* CoreGraphics.framework in Frameworks */,
			);
			runOnlyForDeploymentPostprocessing = 0;
		};
/* End PBXFrameworksBuildPhase section */

/* Begin PBXGroup section */
		423EE25415F0BB4900FC150D = {
			isa = PBXGroup;
			children = (
				423EE2C815F1F3B200FC150D /* ImageIO.framework */,
				423EE2B615F1F37F00FC150D /* SDWebImage.xcodeproj */,
				423EE26915F0BB4A00FC150D /* MergedTableView */,
				423EE26215F0BB4A00FC150D /* Frameworks */,
				423EE26015F0BB4A00FC150D /* Products */,
			);
			sourceTree = "<group>";
		};
		423EE26015F0BB4A00FC150D /* Products */ = {
			isa = PBXGroup;
			children = (
				423EE25F15F0BB4A00FC150D /* MergedTableView.app */,
			);
			name = Products;
			sourceTree = "<group>";
		};
		423EE26215F0BB4A00FC150D /* Frameworks */ = {
			isa = PBXGroup;
			children = (
				423EE26315F0BB4A00FC150D /* UIKit.framework */,
				423EE26515F0BB4A00FC150D /* Foundation.framework */,
				423EE26715F0BB4A00FC150D /* CoreGraphics.framework */,
			);
			name = Frameworks;
			sourceTree = "<group>";
		};
		423EE26915F0BB4A00FC150D /* MergedTableView */ = {
			isa = PBXGroup;
			children = (
				4267B5A215F22AE00073C2EB /* Storage */,
				4267B5A715F22B610073C2EB /* Protocols */,
				4267B5A515F22B0D0073C2EB /* Controllers */,
				4267B5A315F22AF40073C2EB /* Model */,
				423EE29115F0E4AC00FC150D /* Resources */,
				423EE27215F0BB4A00FC150D /* AppDelegate.h */,
				423EE27315F0BB4A00FC150D /* AppDelegate.m */,
				423EE26A15F0BB4A00FC150D /* Supporting Files */,
			);
			path = MergedTableView;
			sourceTree = "<group>";
		};
		423EE26A15F0BB4A00FC150D /* Supporting Files */ = {
			isa = PBXGroup;
			children = (
				423EE26B15F0BB4A00FC150D /* MergedTableView-Info.plist */,
				423EE26C15F0BB4A00FC150D /* InfoPlist.strings */,
				423EE26F15F0BB4A00FC150D /* main.m */,
				423EE27115F0BB4A00FC150D /* MergedTableView-Prefix.pch */,
			);
			name = "Supporting Files";
			sourceTree = "<group>";
		};
		423EE29115F0E4AC00FC150D /* Resources */ = {
			isa = PBXGroup;
			children = (
				423EE27815F0BB4A00FC150D /* ViewController.xib */,
				423EE28915F0E3CA00FC150D /* EventCell.xib */,
				4267B5A615F22B410073C2EB /* Images */,
			);
			name = Resources;
			sourceTree = "<group>";
		};
		423EE2B715F1F37F00FC150D /* Products */ = {
			isa = PBXGroup;
			children = (
				423EE2C015F1F38100FC150D /* libSDWebImage.a */,
				423EE2C215F1F38100FC150D /* libSDWebImageARC.a */,
				423EE2C415F1F38100FC150D /* libSDWebImageARC+MKAnnotation.a */,
			);
			name = Products;
			sourceTree = "<group>";
		};
		4267B5A215F22AE00073C2EB /* Storage */ = {
			isa = PBXGroup;
			children = (
				423EE29915F1DCAC00FC150D /* StorageManager.h */,
				423EE29A15F1DCAC00FC150D /* StorageManager.m */,
			);
			name = Storage;
			sourceTree = "<group>";
		};
		4267B5A315F22AF40073C2EB /* Model */ = {
			isa = PBXGroup;
			children = (
				423EE29C15F1DCCF00FC150D /* Event.h */,
				423EE29D15F1DCCF00FC150D /* Event.m */,
			);
			name = Model;
			sourceTree = "<group>";
		};
		4267B5A515F22B0D0073C2EB /* Controllers */ = {
			isa = PBXGroup;
			children = (
				423EE27515F0BB4A00FC150D /* ViewController.h */,
				423EE27615F0BB4A00FC150D /* ViewController.m */,
				423EE28015F0DEEC00FC150D /* leftTableViewDataSource.h */,
				423EE28115F0DEEC00FC150D /* leftTableViewDataSource.m */,
				423EE28315F0DEFD00FC150D /* rightTableViewDataSource.h */,
				423EE29215F1CAF400FC150D /* leftTableViewDelegate.h */,
				423EE29315F1CAF400FC150D /* leftTableViewDelegate.m */,
				423EE29515F1CB1B00FC150D /* rightTableViewDelegate.h */,
				423EE29615F1CB1B00FC150D /* rightTableViewDelegate.m */,
				423EE28415F0DEFD00FC150D /* rightTableViewDataSource.m */,
			);
			name = Controllers;
			sourceTree = "<group>";
		};
		4267B5A615F22B410073C2EB /* Images */ = {
			isa = PBXGroup;
			children = (
				423EE28B15F0E4A200FC150D /* event_bg.png */,
				423EE28C15F0E4A200FC150D /* holder_logo.png */,
				423EE28D15F0E4A200FC150D /* section_header.png */,
			);
			name = Images;
			sourceTree = "<group>";
		};
		4267B5A715F22B610073C2EB /* Protocols */ = {
			isa = PBXGroup;
			children = (
				423EE29815F1CC2100FC150D /* scrollingDelegate.h */,
			);
			name = Protocols;
			sourceTree = "<group>";
		};
/* End PBXGroup section */

/* Begin PBXNativeTarget section */
		423EE25E15F0BB4A00FC150D /* MergedTableView */ = {
			isa = PBXNativeTarget;
			buildConfigurationList = 423EE27D15F0BB4A00FC150D /* Build configuration list for PBXNativeTarget "MergedTableView" */;
			buildPhases = (
				423EE25B15F0BB4A00FC150D /* Sources */,
				423EE25C15F0BB4A00FC150D /* Frameworks */,
				423EE25D15F0BB4A00FC150D /* Resources */,
			);
			buildRules = (
			);
			dependencies = (
				423EE2C615F1F39D00FC150D /* PBXTargetDependency */,
			);
			name = MergedTableView;
			productName = MergedTableView;
			productReference = 423EE25F15F0BB4A00FC150D /* MergedTableView.app */;
			productType = "com.apple.product-type.application";
		};
/* End PBXNativeTarget section */

/* Begin PBXProject section */
		423EE25615F0BB4900FC150D /* Project object */ = {
			isa = PBXProject;
			attributes = {
				LastUpgradeCheck = 0430;
			};
			buildConfigurationList = 423EE25915F0BB4900FC150D /* Build configuration list for PBXProject "MergedTableView" */;
			compatibilityVersion = "Xcode 3.2";
			developmentRegion = English;
			hasScannedForEncodings = 0;
			knownRegions = (
				en,
			);
			mainGroup = 423EE25415F0BB4900FC150D;
			productRefGroup = 423EE26015F0BB4A00FC150D /* Products */;
			projectDirPath = "";
			projectReferences = (
				{
					ProductGroup = 423EE2B715F1F37F00FC150D /* Products */;
					ProjectRef = 423EE2B615F1F37F00FC150D /* SDWebImage.xcodeproj */;
				},
			);
			projectRoot = "";
			targets = (
				423EE25E15F0BB4A00FC150D /* MergedTableView */,
			);
		};
/* End PBXProject section */

/* Begin PBXReferenceProxy section */
		423EE2C015F1F38100FC150D /* libSDWebImage.a */ = {
			isa = PBXReferenceProxy;
			fileType = archive.ar;
			path = libSDWebImage.a;
			remoteRef = 423EE2BF15F1F38100FC150D /* PBXContainerItemProxy */;
			sourceTree = BUILT_PRODUCTS_DIR;
		};
		423EE2C215F1F38100FC150D /* libSDWebImageARC.a */ = {
			isa = PBXReferenceProxy;
			fileType = archive.ar;
			path = libSDWebImageARC.a;
			remoteRef = 423EE2C115F1F38100FC150D /* PBXContainerItemProxy */;
			sourceTree = BUILT_PRODUCTS_DIR;
		};
		423EE2C415F1F38100FC150D /* libSDWebImageARC+MKAnnotation.a */ = {
			isa = PBXReferenceProxy;
			fileType = archive.ar;
			path = "libSDWebImageARC+MKAnnotation.a";
			remoteRef = 423EE2C315F1F38100FC150D /* PBXContainerItemProxy */;
			sourceTree = BUILT_PRODUCTS_DIR;
		};
/* End PBXReferenceProxy section */

/* Begin PBXResourcesBuildPhase section */
		423EE25D15F0BB4A00FC150D /* Resources */ = {
			isa = PBXResourcesBuildPhase;
			buildActionMask = 2147483647;
			files = (
				423EE26E15F0BB4A00FC150D /* InfoPlist.strings in Resources */,
				423EE27A15F0BB4A00FC150D /* ViewController.xib in Resources */,
				423EE28A15F0E3CA00FC150D /* EventCell.xib in Resources */,
				423EE28E15F0E4A200FC150D /* event_bg.png in Resources */,
				423EE28F15F0E4A200FC150D /* holder_logo.png in Resources */,
				423EE29015F0E4A200FC150D /* section_header.png in Resources */,
			);
			runOnlyForDeploymentPostprocessing = 0;
		};
/* End PBXResourcesBuildPhase section */

/* Begin PBXSourcesBuildPhase section */
		423EE25B15F0BB4A00FC150D /* Sources */ = {
			isa = PBXSourcesBuildPhase;
			buildActionMask = 2147483647;
			files = (
				423EE27015F0BB4A00FC150D /* main.m in Sources */,
				423EE27415F0BB4A00FC150D /* AppDelegate.m in Sources */,
				423EE27715F0BB4A00FC150D /* ViewController.m in Sources */,
				423EE28215F0DEEC00FC150D /* leftTableViewDataSource.m in Sources */,
				423EE28515F0DEFD00FC150D /* rightTableViewDataSource.m in Sources */,
				423EE29415F1CAF400FC150D /* leftTableViewDelegate.m in Sources */,
				423EE29715F1CB1B00FC150D /* rightTableViewDelegate.m in Sources */,
				423EE29B15F1DCAC00FC150D /* StorageManager.m in Sources */,
				423EE29E15F1DCCF00FC150D /* Event.m in Sources */,
			);
			runOnlyForDeploymentPostprocessing = 0;
		};
/* End PBXSourcesBuildPhase section */

/* Begin PBXTargetDependency section */
		423EE2C615F1F39D00FC150D /* PBXTargetDependency */ = {
			isa = PBXTargetDependency;
			name = "SDWebImage ARC";
			targetProxy = 423EE2C515F1F39D00FC150D /* PBXContainerItemProxy */;
		};
/* End PBXTargetDependency section */

/* Begin PBXVariantGroup section */
		423EE26C15F0BB4A00FC150D /* InfoPlist.strings */ = {
			isa = PBXVariantGroup;
			children = (
				423EE26D15F0BB4A00FC150D /* en */,
			);
			name = InfoPlist.strings;
			sourceTree = "<group>";
		};
		423EE27815F0BB4A00FC150D /* ViewController.xib */ = {
			isa = PBXVariantGroup;
			children = (
				423EE27915F0BB4A00FC150D /* en */,
			);
			name = ViewController.xib;
			sourceTree = "<group>";
		};
/* End PBXVariantGroup section */

/* Begin XCBuildConfiguration section */
		423EE27B15F0BB4A00FC150D /* Debug */ = {
			isa = XCBuildConfiguration;
			buildSettings = {
				ALWAYS_SEARCH_USER_PATHS = NO;
				ARCHS = "$(ARCHS_STANDARD_32_BIT)";
				CLANG_ENABLE_OBJC_ARC = YES;
				"CODE_SIGN_IDENTITY[sdk=iphoneos*]" = "iPhone Developer";
				COPY_PHASE_STRIP = NO;
				GCC_C_LANGUAGE_STANDARD = gnu99;
				GCC_DYNAMIC_NO_PIC = NO;
				GCC_OPTIMIZATION_LEVEL = 0;
				GCC_PREPROCESSOR_DEFINITIONS = (
					"DEBUG=1",
					"$(inherited)",
				);
				GCC_SYMBOLS_PRIVATE_EXTERN = NO;
				GCC_VERSION = com.apple.compilers.llvm.clang.1_0;
				GCC_WARN_ABOUT_RETURN_TYPE = YES;
				GCC_WARN_UNINITIALIZED_AUTOS = YES;
				GCC_WARN_UNUSED_VARIABLE = YES;
				IPHONEOS_DEPLOYMENT_TARGET = 5.1;
				SDKROOT = iphoneos;
			};
			name = Debug;
		};
		423EE27C15F0BB4A00FC150D /* Release */ = {
			isa = XCBuildConfiguration;
			buildSettings = {
				ALWAYS_SEARCH_USER_PATHS = NO;
				ARCHS = "$(ARCHS_STANDARD_32_BIT)";
				CLANG_ENABLE_OBJC_ARC = YES;
				"CODE_SIGN_IDENTITY[sdk=iphoneos*]" = "iPhone Developer";
				COPY_PHASE_STRIP = YES;
				GCC_C_LANGUAGE_STANDARD = gnu99;
				GCC_VERSION = com.apple.compilers.llvm.clang.1_0;
				GCC_WARN_ABOUT_RETURN_TYPE = YES;
				GCC_WARN_UNINITIALIZED_AUTOS = YES;
				GCC_WARN_UNUSED_VARIABLE = YES;
				IPHONEOS_DEPLOYMENT_TARGET = 5.1;
				OTHER_CFLAGS = "-DNS_BLOCK_ASSERTIONS=1";
				SDKROOT = iphoneos;
				VALIDATE_PRODUCT = YES;
			};
			name = Release;
		};
		423EE27E15F0BB4A00FC150D /* Debug */ = {
			isa = XCBuildConfiguration;
			buildSettings = {
				GCC_PRECOMPILE_PREFIX_HEADER = YES;
				GCC_PREFIX_HEADER = "MergedTableView/MergedTableView-Prefix.pch";
				HEADER_SEARCH_PATHS = (
					"”$(TARGET_BUILD_DIR)/usr/local/lib/include”",
					"”$(OBJROOT)/UninstalledProducts/include”",
				);
				INFOPLIST_FILE = "MergedTableView/MergedTableView-Info.plist";
				OTHER_LDFLAGS = "-ObjC";
				PRODUCT_NAME = "$(TARGET_NAME)";
				WRAPPER_EXTENSION = app;
			};
			name = Debug;
		};
		423EE27F15F0BB4A00FC150D /* Release */ = {
			isa = XCBuildConfiguration;
			buildSettings = {
				GCC_PRECOMPILE_PREFIX_HEADER = YES;
				GCC_PREFIX_HEADER = "MergedTableView/MergedTableView-Prefix.pch";
				HEADER_SEARCH_PATHS = (
					"”$(TARGET_BUILD_DIR)/usr/local/lib/include”",
					"”$(OBJROOT)/UninstalledProducts/include”",
				);
				INFOPLIST_FILE = "MergedTableView/MergedTableView-Info.plist";
				OTHER_LDFLAGS = "-ObjC";
				PRODUCT_NAME = "$(TARGET_NAME)";
				WRAPPER_EXTENSION = app;
			};
			name = Release;
		};
/* End XCBuildConfiguration section */

/* Begin XCConfigurationList section */
		423EE25915F0BB4900FC150D /* Build configuration list for PBXProject "MergedTableView" */ = {
			isa = XCConfigurationList;
			buildConfigurations = (
				423EE27B15F0BB4A00FC150D /* Debug */,
				423EE27C15F0BB4A00FC150D /* Release */,
			);
			defaultConfigurationIsVisible = 0;
			defaultConfigurationName = Release;
		};
		423EE27D15F0BB4A00FC150D /* Build configuration list for PBXNativeTarget "MergedTableView" */ = {
			isa = XCConfigurationList;
			buildConfigurations = (
				423EE27E15F0BB4A00FC150D /* Debug */,
				423EE27F15F0BB4A00FC150D /* Release */,
			);
			defaultConfigurationIsVisible = 0;
			defaultConfigurationName = Release;
		};
/* End XCConfigurationList section */
	};
	rootObject = 423EE25615F0BB4900FC150D /* Project object */;
}
